
Microsoft Visual Studio Solution File, Format Version 12.00
# Visual Studio Version 17
VisualStudioVersion = 17.8.34511.84
MinimumVisualStudioVersion = 10.0.40219.1
Project("{9A19103F-16F7-4668-BE54-9A1E7A4F7556}") = "FileManagement", "FileManagement\FileManagement.csproj", "{3A1BF19C-4670-4ABA-8E06-37EE24C56D12}"
EndProject
Global
	GlobalSection(SolutionConfigurationPlatforms) = preSolution
		Debug|Any CPU = Debug|Any CPU
		Release|Any CPU = Release|Any CPU
	EndGlobalSection
	GlobalSection(ProjectConfigurationPlatforms) = postSolution
		{3A1BF19C-4670-4ABA-8E06-37EE24C56D12}.Debug|Any CPU.ActiveCfg = Debug|Any CPU
		{3A1BF19C-4670-4ABA-8E06-37EE24C56D12}.Debug|Any CPU.Build.0 = Debug|Any CPU
		{3A1BF19C-4670-4ABA-8E06-37EE24C56D12}.Release|Any CPU.ActiveCfg = Release|Any CPU
		{3A1BF19C-4670-4ABA-8E06-37EE24C56D12}.Release|Any CPU.Build.0 = Release|Any CPU
	EndGlobalSection
	GlobalSection(SolutionProperties) = preSolution
		HideSolutionNode = FALSE
	EndGlobalSection
	GlobalSection(ExtensibilityGlobals) = postSolution
		SolutionGuid = {66C1286E-29C0-4766-9ABC-14D0690BAEAC}
	EndGlobalSection
EndGlobal
